
Microsoft Visual Studio Solution File, Format Version 12.00
# Visual Studio Version 16
VisualStudioVersion = 16.0.31729.503
MinimumVisualStudioVersion = 10.0.40219.1
Project("{FAE04EC0-301F-11D3-BF4B-00C04F79EFBC}") = "hopooe.useracc", "hopooe.useracc.csproj", "{4756CA26-1EA5-4D26-9631-A71D95A7A562}"
EndProject
Global
	GlobalSection(SolutionConfigurationPlatforms) = preSolution
		Debug|Any CPU = Debug|Any CPU
		Release|Any CPU = Release|Any CPU
	EndGlobalSection
	GlobalSection(ProjectConfigurationPlatforms) = postSolution
		{4756CA26-1EA5-4D26-9631-A71D95A7A562}.Debug|Any CPU.ActiveCfg = Debug|Any CPU
		{4756CA26-1EA5-4D26-9631-A71D95A7A562}.Debug|Any CPU.Build.0 = Debug|Any CPU
		{4756CA26-1EA5-4D26-9631-A71D95A7A562}.Release|Any CPU.ActiveCfg = Release|Any CPU
		{4756CA26-1EA5-4D26-9631-A71D95A7A562}.Release|Any CPU.Build.0 = Release|Any CPU
	EndGlobalSection
	GlobalSection(SolutionProperties) = preSolution
		HideSolutionNode = FALSE
	EndGlobalSection
	GlobalSection(ExtensibilityGlobals) = postSolution
		SolutionGuid = {1A1DBC0A-2E56-4AB1-B389-B20F3ABF3EAC}
	EndGlobalSection
EndGlobal
